// !$*UTF8*$!
{
	archiveVersion = 1;
	classes = {
	};
	objectVersion = 48;
	objects = {

/* Begin PBXBuildFile section */
		0B3E970F2061505000F2712F /* GameKit.framework in Frameworks */ = {isa = PBXBuildFile; fileRef = 0B3E970E2061505000F2712F /* GameKit.framework */; };
		0B51C0E120611B9B00B8DDCB /* HomeController.swift in Sources */ = {isa = PBXBuildFile; fileRef = 0B51C0E020611B9B00B8DDCB /* HomeController.swift */; };
		0B51C0E320612C0E00B8DDCB /* CreditsController.swift in Sources */ = {isa = PBXBuildFile; fileRef = 0B51C0E220612C0E00B8DDCB /* CreditsController.swift */; };
		0B51C0E520612C7500B8DDCB /* GameController.swift in Sources */ = {isa = PBXBuildFile; fileRef = 0B51C0E420612C7500B8DDCB /* GameController.swift */; };
		0B51C0E72061376500B8DDCB /* Game.swift in Sources */ = {isa = PBXBuildFile; fileRef = 0B51C0E62061376500B8DDCB /* Game.swift */; };
		0BCF6A7C20600990009CCC60 /* AppDelegate.swift in Sources */ = {isa = PBXBuildFile; fileRef = 0BCF6A7B20600990009CCC60 /* AppDelegate.swift */; };
		0BCF6A7E20600990009CCC60 /* ViewController.swift in Sources */ = {isa = PBXBuildFile; fileRef = 0BCF6A7D20600990009CCC60 /* ViewController.swift */; };
		0BCF6A8120600990009CCC60 /* Main.storyboard in Resources */ = {isa = PBXBuildFile; fileRef = 0BCF6A7F20600990009CCC60 /* Main.storyboard */; };
		0BCF6A8320600990009CCC60 /* Assets.xcassets in Resources */ = {isa = PBXBuildFile; fileRef = 0BCF6A8220600990009CCC60 /* Assets.xcassets */; };
		0BCF6A8620600990009CCC60 /* LaunchScreen.storyboard in Resources */ = {isa = PBXBuildFile; fileRef = 0BCF6A8420600990009CCC60 /* LaunchScreen.storyboard */; };
		0BD5B6D72062BFD100438CF2 /* Color.swift in Sources */ = {isa = PBXBuildFile; fileRef = 0BD5B6D62062BFD100438CF2 /* Color.swift */; };
		1630B67A8AD19CEE9DF1671F /* Pods_mastermind.framework in Frameworks */ = {isa = PBXBuildFile; fileRef = BD00327FD3DC62F5A2DBA8BE /* Pods_mastermind.framework */; };
/* End PBXBuildFile section */

/* Begin PBXFileReference section */
		0B3E970E2061505000F2712F /* GameKit.framework */ = {isa = PBXFileReference; lastKnownFileType = wrapper.framework; name = GameKit.framework; path = System/Library/Frameworks/GameKit.framework; sourceTree = SDKROOT; };
		0B51C0E020611B9B00B8DDCB /* HomeController.swift */ = {isa = PBXFileReference; lastKnownFileType = sourcecode.swift; path = HomeController.swift; sourceTree = "<group>"; };
		0B51C0E220612C0E00B8DDCB /* CreditsController.swift */ = {isa = PBXFileReference; lastKnownFileType = sourcecode.swift; path = CreditsController.swift; sourceTree = "<group>"; };
		0B51C0E420612C7500B8DDCB /* GameController.swift */ = {isa = PBXFileReference; lastKnownFileType = sourcecode.swift; path = GameController.swift; sourceTree = "<group>"; };
		0B51C0E62061376500B8DDCB /* Game.swift */ = {isa = PBXFileReference; lastKnownFileType = sourcecode.swift; path = Game.swift; sourceTree = "<group>"; };
		0BA25DF4206146C60039664D /* mastermind.entitlements */ = {isa = PBXFileReference; lastKnownFileType = text.plist.entitlements; path = mastermind.entitlements; sourceTree = "<group>"; };
		0BCF6A7820600990009CCC60 /* mastermind.app */ = {isa = PBXFileReference; explicitFileType = wrapper.application; includeInIndex = 0; path = mastermind.app; sourceTree = BUILT_PRODUCTS_DIR; };
		0BCF6A7B20600990009CCC60 /* AppDelegate.swift */ = {isa = PBXFileReference; lastKnownFileType = sourcecode.swift; path = AppDelegate.swift; sourceTree = "<group>"; };
		0BCF6A7D20600990009CCC60 /* ViewController.swift */ = {isa = PBXFileReference; lastKnownFileType = sourcecode.swift; path = ViewController.swift; sourceTree = "<group>"; };
		0BCF6A8020600990009CCC60 /* Base */ = {isa = PBXFileReference; lastKnownFileType = file.storyboard; name = Base; path = Base.lproj/Main.storyboard; sourceTree = "<group>"; };
		0BCF6A8220600990009CCC60 /* Assets.xcassets */ = {isa = PBXFileReference; lastKnownFileType = folder.assetcatalog; path = Assets.xcassets; sourceTree = "<group>"; };
		0BCF6A8520600990009CCC60 /* Base */ = {isa = PBXFileReference; lastKnownFileType = file.storyboard; name = Base; path = Base.lproj/LaunchScreen.storyboard; sourceTree = "<group>"; };
		0BCF6A8720600990009CCC60 /* Info.plist */ = {isa = PBXFileReference; lastKnownFileType = text.plist.xml; path = Info.plist; sourceTree = "<group>"; };
		0BD5B6D62062BFD100438CF2 /* Color.swift */ = {isa = PBXFileReference; lastKnownFileType = sourcecode.swift; path = Color.swift; sourceTree = "<group>"; };
		6D81309D2EF84008FD4E13AF /* Pods-mastermind.debug.xcconfig */ = {isa = PBXFileReference; includeInIndex = 1; lastKnownFileType = text.xcconfig; name = "Pods-mastermind.debug.xcconfig"; path = "Pods/Target Support Files/Pods-mastermind/Pods-mastermind.debug.xcconfig"; sourceTree = "<group>"; };
		BD00327FD3DC62F5A2DBA8BE /* Pods_mastermind.framework */ = {isa = PBXFileReference; explicitFileType = wrapper.framework; includeInIndex = 0; path = Pods_mastermind.framework; sourceTree = BUILT_PRODUCTS_DIR; };
		E086C7CE7142650D28AF747D /* Pods-mastermind.release.xcconfig */ = {isa = PBXFileReference; includeInIndex = 1; lastKnownFileType = text.xcconfig; name = "Pods-mastermind.release.xcconfig"; path = "Pods/Target Support Files/Pods-mastermind/Pods-mastermind.release.xcconfig"; sourceTree = "<group>"; };
/* End PBXFileReference section */

/* Begin PBXFrameworksBuildPhase section */
		0BCF6A7520600990009CCC60 /* Frameworks */ = {
			isa = PBXFrameworksBuildPhase;
			buildActionMask = 2147483647;
			files = (
				1630B67A8AD19CEE9DF1671F /* Pods_mastermind.framework in Frameworks */,
				0B3E970F2061505000F2712F /* GameKit.framework in Frameworks */,
			);
			runOnlyForDeploymentPostprocessing = 0;
		};
/* End PBXFrameworksBuildPhase section */

/* Begin PBXGroup section */
		0BCF6A6F2060098F009CCC60 = {
			isa = PBXGroup;
			children = (
				0BCF6A7A20600990009CCC60 /* mastermind */,
				0BCF6A7920600990009CCC60 /* Products */,
				F9EA51D1200708D6F8EE9483 /* Pods */,
				1F33123927B5C53FF04EB9FD /* Frameworks */,
			);
			sourceTree = "<group>";
		};
		0BCF6A7920600990009CCC60 /* Products */ = {
			isa = PBXGroup;
			children = (
				0BCF6A7820600990009CCC60 /* mastermind.app */,
			);
			name = Products;
			sourceTree = "<group>";
		};
		0BCF6A7A20600990009CCC60 /* mastermind */ = {
			isa = PBXGroup;
			children = (
				0BA25DF4206146C60039664D /* mastermind.entitlements */,
				0BCF6A7B20600990009CCC60 /* AppDelegate.swift */,
				0BCF6A7D20600990009CCC60 /* ViewController.swift */,
				0B51C0E020611B9B00B8DDCB /* HomeController.swift */,
				0BCF6A7F20600990009CCC60 /* Main.storyboard */,
				0B51C0E62061376500B8DDCB /* Game.swift */,
				0BD5B6D62062BFD100438CF2 /* Color.swift */,
				0B51C0E420612C7500B8DDCB /* GameController.swift */,
				0B51C0E220612C0E00B8DDCB /* CreditsController.swift */,
				0BCF6A8220600990009CCC60 /* Assets.xcassets */,
				0BCF6A8420600990009CCC60 /* LaunchScreen.storyboard */,
				0BCF6A8720600990009CCC60 /* Info.plist */,
			);
			path = mastermind;
			sourceTree = "<group>";
		};
		1F33123927B5C53FF04EB9FD /* Frameworks */ = {
			isa = PBXGroup;
			children = (
				0B3E970E2061505000F2712F /* GameKit.framework */,
				BD00327FD3DC62F5A2DBA8BE /* Pods_mastermind.framework */,
			);
			name = Frameworks;
			sourceTree = "<group>";
		};
		F9EA51D1200708D6F8EE9483 /* Pods */ = {
			isa = PBXGroup;
			children = (
				6D81309D2EF84008FD4E13AF /* Pods-mastermind.debug.xcconfig */,
				E086C7CE7142650D28AF747D /* Pods-mastermind.release.xcconfig */,
			);
			name = Pods;
			sourceTree = "<group>";
		};
/* End PBXGroup section */

/* Begin PBXNativeTarget section */
		0BCF6A7720600990009CCC60 /* mastermind */ = {
			isa = PBXNativeTarget;
			buildConfigurationList = 0BCF6A8A20600990009CCC60 /* Build configuration list for PBXNativeTarget "mastermind" */;
			buildPhases = (
				B3BE19B0183E402720FDECDA /* [CP] Check Pods Manifest.lock */,
				0BCF6A7420600990009CCC60 /* Sources */,
				0BCF6A7520600990009CCC60 /* Frameworks */,
				0BCF6A7620600990009CCC60 /* Resources */,
				F3BE4A34ED586C34FC5528C1 /* [CP] Embed Pods Frameworks */,
				FF89E48960CD1A3A097A9845 /* [CP] Copy Pods Resources */,
			);
			buildRules = (
			);
			dependencies = (
			);
			name = mastermind;
			productName = mastermind;
			productReference = 0BCF6A7820600990009CCC60 /* mastermind.app */;
			productType = "com.apple.product-type.application";
		};
/* End PBXNativeTarget section */

/* Begin PBXProject section */
		0BCF6A702060098F009CCC60 /* Project object */ = {
			isa = PBXProject;
			attributes = {
				LastSwiftUpdateCheck = 0920;
				LastUpgradeCheck = 0920;
				ORGANIZATIONNAME = "Bastien Robert";
				TargetAttributes = {
					0BCF6A7720600990009CCC60 = {
						CreatedOnToolsVersion = 9.2;
						ProvisioningStyle = Automatic;
						SystemCapabilities = {
							com.apple.ApplePay = {
								enabled = 0;
							};
							com.apple.GameCenter = {
								enabled = 1;
							};
							com.apple.HotspotConfiguration = {
								enabled = 0;
							};
							com.apple.InAppPurchase = {
								enabled = 0;
							};
							com.apple.Maps.iOS = {
								enabled = 0;
							};
							com.apple.Multipath = {
								enabled = 0;
							};
							com.apple.NetworkExtensions.iOS = {
								enabled = 0;
							};
							com.apple.Push = {
								enabled = 0;
							};
							com.apple.Siri = {
								enabled = 0;
							};
							com.apple.VPNLite = {
								enabled = 0;
							};
							com.apple.Wallet = {
								enabled = 0;
							};
							com.apple.iCloud = {
								enabled = 0;
							};
						};
					};
				};
			};
			buildConfigurationList = 0BCF6A732060098F009CCC60 /* Build configuration list for PBXProject "mastermind" */;
			compatibilityVersion = "Xcode 8.0";
			developmentRegion = en;
			hasScannedForEncodings = 0;
			knownRegions = (
				en,
				Base,
			);
			mainGroup = 0BCF6A6F2060098F009CCC60;
			productRefGroup = 0BCF6A7920600990009CCC60 /* Products */;
			projectDirPath = "";
			projectRoot = "";
			targets = (
				0BCF6A7720600990009CCC60 /* mastermind */,
			);
		};
/* End PBXProject section */

/* Begin PBXResourcesBuildPhase section */
		0BCF6A7620600990009CCC60 /* Resources */ = {
			isa = PBXResourcesBuildPhase;
			buildActionMask = 2147483647;
			files = (
				0BCF6A8620600990009CCC60 /* LaunchScreen.storyboard in Resources */,
				0BCF6A8320600990009CCC60 /* Assets.xcassets in Resources */,
				0BCF6A8120600990009CCC60 /* Main.storyboard in Resources */,
			);
			runOnlyForDeploymentPostprocessing = 0;
		};
/* End PBXResourcesBuildPhase section */

/* Begin PBXShellScriptBuildPhase section */
		B3BE19B0183E402720FDECDA /* [CP] Check Pods Manifest.lock */ = {
			isa = PBXShellScriptBuildPhase;
			buildActionMask = 2147483647;
			files = (
			);
			inputPaths = (
				"${PODS_PODFILE_DIR_PATH}/Podfile.lock",
				"${PODS_ROOT}/Manifest.lock",
			);
			name = "[CP] Check Pods Manifest.lock";
			outputPaths = (
				"$(DERIVED_FILE_DIR)/Pods-mastermind-checkManifestLockResult.txt",
			);
			runOnlyForDeploymentPostprocessing = 0;
			shellPath = /bin/sh;
			shellScript = "diff \"${PODS_PODFILE_DIR_PATH}/Podfile.lock\" \"${PODS_ROOT}/Manifest.lock\" > /dev/null\nif [ $? != 0 ] ; then\n    # print error to STDERR\n    echo \"error: The sandbox is not in sync with the Podfile.lock. Run 'pod install' or update your CocoaPods installation.\" >&2\n    exit 1\nfi\n# This output is used by Xcode 'outputs' to avoid re-running this script phase.\necho \"SUCCESS\" > \"${SCRIPT_OUTPUT_FILE_0}\"\n";
			showEnvVarsInLog = 0;
		};
		F3BE4A34ED586C34FC5528C1 /* [CP] Embed Pods Frameworks */ = {
			isa = PBXShellScriptBuildPhase;
			buildActionMask = 2147483647;
			files = (
			);
			inputPaths = (
			);
			name = "[CP] Embed Pods Frameworks";
			outputPaths = (
			);
			runOnlyForDeploymentPostprocessing = 0;
			shellPath = /bin/sh;
			shellScript = "\"${SRCROOT}/Pods/Target Support Files/Pods-mastermind/Pods-mastermind-frameworks.sh\"\n";
			showEnvVarsInLog = 0;
		};
		FF89E48960CD1A3A097A9845 /* [CP] Copy Pods Resources */ = {
			isa = PBXShellScriptBuildPhase;
			buildActionMask = 2147483647;
			files = (
			);
			inputPaths = (
			);
			name = "[CP] Copy Pods Resources";
			outputPaths = (
			);
			runOnlyForDeploymentPostprocessing = 0;
			shellPath = /bin/sh;
			shellScript = "\"${SRCROOT}/Pods/Target Support Files/Pods-mastermind/Pods-mastermind-resources.sh\"\n";
			showEnvVarsInLog = 0;
		};
/* End PBXShellScriptBuildPhase section */

/* Begin PBXSourcesBuildPhase section */
		0BCF6A7420600990009CCC60 /* Sources */ = {
			isa = PBXSourcesBuildPhase;
			buildActionMask = 2147483647;
			files = (
				0B51C0E320612C0E00B8DDCB /* CreditsController.swift in Sources */,
				0B51C0E72061376500B8DDCB /* Game.swift in Sources */,
				0BD5B6D72062BFD100438CF2 /* Color.swift in Sources */,
				0B51C0E520612C7500B8DDCB /* GameController.swift in Sources */,
				0BCF6A7E20600990009CCC60 /* ViewController.swift in Sources */,
				0BCF6A7C20600990009CCC60 /* AppDelegate.swift in Sources */,
				0B51C0E120611B9B00B8DDCB /* HomeController.swift in Sources */,
			);
			runOnlyForDeploymentPostprocessing = 0;
		};
/* End PBXSourcesBuildPhase section */

/* Begin PBXVariantGroup section */
		0BCF6A7F20600990009CCC60 /* Main.storyboard */ = {
			isa = PBXVariantGroup;
			children = (
				0BCF6A8020600990009CCC60 /* Base */,
			);
			name = Main.storyboard;
			sourceTree = "<group>";
		};
		0BCF6A8420600990009CCC60 /* LaunchScreen.storyboard */ = {
			isa = PBXVariantGroup;
			children = (
				0BCF6A8520600990009CCC60 /* Base */,
			);
			name = LaunchScreen.storyboard;
			sourceTree = "<group>";
		};
/* End PBXVariantGroup section */

/* Begin XCBuildConfiguration section */
		0BCF6A8820600990009CCC60 /* Debug */ = {
			isa = XCBuildConfiguration;
			buildSettings = {
				ALWAYS_SEARCH_USER_PATHS = NO;
				CLANG_ANALYZER_NONNULL = YES;
				CLANG_ANALYZER_NUMBER_OBJECT_CONVERSION = YES_AGGRESSIVE;
				CLANG_CXX_LANGUAGE_STANDARD = "gnu++14";
				CLANG_CXX_LIBRARY = "libc++";
				CLANG_ENABLE_MODULES = YES;
				CLANG_ENABLE_OBJC_ARC = YES;
				CLANG_WARN_BLOCK_CAPTURE_AUTORELEASING = YES;
				CLANG_WARN_BOOL_CONVERSION = YES;
				CLANG_WARN_COMMA = YES;
				CLANG_WARN_CONSTANT_CONVERSION = YES;
				CLANG_WARN_DIRECT_OBJC_ISA_USAGE = YES_ERROR;
				CLANG_WARN_DOCUMENTATION_COMMENTS = YES;
				CLANG_WARN_EMPTY_BODY = YES;
				CLANG_WARN_ENUM_CONVERSION = YES;
				CLANG_WARN_INFINITE_RECURSION = YES;
				CLANG_WARN_INT_CONVERSION = YES;
				CLANG_WARN_NON_LITERAL_NULL_CONVERSION = YES;
				CLANG_WARN_OBJC_LITERAL_CONVERSION = YES;
				CLANG_WARN_OBJC_ROOT_CLASS = YES_ERROR;
				CLANG_WARN_RANGE_LOOP_ANALYSIS = YES;
				CLANG_WARN_STRICT_PROTOTYPES = YES;
				CLANG_WARN_SUSPICIOUS_MOVE = YES;
				CLANG_WARN_UNGUARDED_AVAILABILITY = YES_AGGRESSIVE;
				CLANG_WARN_UNREACHABLE_CODE = YES;
				CLANG_WARN__DUPLICATE_METHOD_MATCH = YES;
				CODE_SIGN_IDENTITY = "iPhone Developer";
				COPY_PHASE_STRIP = NO;
				DEBUG_INFORMATION_FORMAT = dwarf;
				ENABLE_STRICT_OBJC_MSGSEND = YES;
				ENABLE_TESTABILITY = YES;
				GCC_C_LANGUAGE_STANDARD = gnu11;
				GCC_DYNAMIC_NO_PIC = NO;
				GCC_NO_COMMON_BLOCKS = YES;
				GCC_OPTIMIZATION_LEVEL = 0;
				GCC_PREPROCESSOR_DEFINITIONS = (
					"DEBUG=1",
					"$(inherited)",
				);
				GCC_WARN_64_TO_32_BIT_CONVERSION = YES;
				GCC_WARN_ABOUT_RETURN_TYPE = YES_ERROR;
				GCC_WARN_UNDECLARED_SELECTOR = YES;
				GCC_WARN_UNINITIALIZED_AUTOS = YES_AGGRESSIVE;
				GCC_WARN_UNUSED_FUNCTION = YES;
				GCC_WARN_UNUSED_VARIABLE = YES;
				IPHONEOS_DEPLOYMENT_TARGET = 11.2;
				MTL_ENABLE_DEBUG_INFO = YES;
				ONLY_ACTIVE_ARCH = YES;
				SDKROOT = iphoneos;
				SWIFT_ACTIVE_COMPILATION_CONDITIONS = DEBUG;
				SWIFT_OPTIMIZATION_LEVEL = "-Onone";
			};
			name = Debug;
		};
		0BCF6A8920600990009CCC60 /* Release */ = {
			isa = XCBuildConfiguration;
			buildSettings = {
				ALWAYS_SEARCH_USER_PATHS = NO;
				CLANG_ANALYZER_NONNULL = YES;
				CLANG_ANALYZER_NUMBER_OBJECT_CONVERSION = YES_AGGRESSIVE;
				CLANG_CXX_LANGUAGE_STANDARD = "gnu++14";
				CLANG_CXX_LIBRARY = "libc++";
				CLANG_ENABLE_MODULES = YES;
				CLANG_ENABLE_OBJC_ARC = YES;
				CLANG_WARN_BLOCK_CAPTURE_AUTORELEASING = YES;
				CLANG_WARN_BOOL_CONVERSION = YES;
				CLANG_WARN_COMMA = YES;
				CLANG_WARN_CONSTANT_CONVERSION = YES;
				CLANG_WARN_DIRECT_OBJC_ISA_USAGE = YES_ERROR;
				CLANG_WARN_DOCUMENTATION_COMMENTS = YES;
				CLANG_WARN_EMPTY_BODY = YES;
				CLANG_WARN_ENUM_CONVERSION = YES;
				CLANG_WARN_INFINITE_RECURSION = YES;
				CLANG_WARN_INT_CONVERSION = YES;
				CLANG_WARN_NON_LITERAL_NULL_CONVERSION = YES;
				CLANG_WARN_OBJC_LITERAL_CONVERSION = YES;
				CLANG_WARN_OBJC_ROOT_CLASS = YES_ERROR;
				CLANG_WARN_RANGE_LOOP_ANALYSIS = YES;
				CLANG_WARN_STRICT_PROTOTYPES = YES;
				CLANG_WARN_SUSPICIOUS_MOVE = YES;
				CLANG_WARN_UNGUARDED_AVAILABILITY = YES_AGGRESSIVE;
				CLANG_WARN_UNREACHABLE_CODE = YES;
				CLANG_WARN__DUPLICATE_METHOD_MATCH = YES;
				CODE_SIGN_IDENTITY = "iPhone Developer";
				COPY_PHASE_STRIP = NO;
				DEBUG_INFORMATION_FORMAT = "dwarf-with-dsym";
				ENABLE_NS_ASSERTIONS = NO;
				ENABLE_STRICT_OBJC_MSGSEND = YES;
				GCC_C_LANGUAGE_STANDARD = gnu11;
				GCC_NO_COMMON_BLOCKS = YES;
				GCC_WARN_64_TO_32_BIT_CONVERSION = YES;
				GCC_WARN_ABOUT_RETURN_TYPE = YES_ERROR;
				GCC_WARN_UNDECLARED_SELECTOR = YES;
				GCC_WARN_UNINITIALIZED_AUTOS = YES_AGGRESSIVE;
				GCC_WARN_UNUSED_FUNCTION = YES;
				GCC_WARN_UNUSED_VARIABLE = YES;
				IPHONEOS_DEPLOYMENT_TARGET = 11.2;
				MTL_ENABLE_DEBUG_INFO = NO;
				SDKROOT = iphoneos;
				SWIFT_OPTIMIZATION_LEVEL = "-Owholemodule";
				VALIDATE_PRODUCT = YES;
			};
			name = Release;
		};
		0BCF6A8B20600990009CCC60 /* Debug */ = {
			isa = XCBuildConfiguration;
			baseConfigurationReference = 6D81309D2EF84008FD4E13AF /* Pods-mastermind.debug.xcconfig */;
			buildSettings = {
				ASSETCATALOG_COMPILER_APPICON_NAME = AppIcon;
				"CODE_SIGN_IDENTITY[sdk=iphoneos*]" = "iPhone Developer";
				CODE_SIGN_STYLE = Automatic;
				DEVELOPMENT_TEAM = N968BJ7CTC;
				INFOPLIST_FILE = mastermind/Info.plist;
				LD_RUNPATH_SEARCH_PATHS = "$(inherited) @executable_path/Frameworks";
				PRODUCT_BUNDLE_IDENTIFIER = fr.bdx.test;
				PRODUCT_NAME = "$(TARGET_NAME)";
				PROVISIONING_PROFILE = "";
				PROVISIONING_PROFILE_SPECIFIER = "";
				SWIFT_VERSION = 4.0;
				TARGETED_DEVICE_FAMILY = "1,2";
			};
			name = Debug;
		};
		0BCF6A8C20600990009CCC60 /* Release */ = {
			isa = XCBuildConfiguration;
			baseConfigurationReference = E086C7CE7142650D28AF747D /* Pods-mastermind.release.xcconfig */;
			buildSettings = {
				ASSETCATALOG_COMPILER_APPICON_NAME = AppIcon;
				"CODE_SIGN_IDENTITY[sdk=iphoneos*]" = "iPhone Developer";
				CODE_SIGN_STYLE = Automatic;
				DEVELOPMENT_TEAM = N968BJ7CTC;
				INFOPLIST_FILE = mastermind/Info.plist;
				LD_RUNPATH_SEARCH_PATHS = "$(inherited) @executable_path/Frameworks";
				PRODUCT_BUNDLE_IDENTIFIER = fr.bdx.test;
				PRODUCT_NAME = "$(TARGET_NAME)";
				PROVISIONING_PROFILE = "";
				PROVISIONING_PROFILE_SPECIFIER = "";
				SWIFT_VERSION = 4.0;
				TARGETED_DEVICE_FAMILY = "1,2";
			};
			name = Release;
		};
/* End XCBuildConfiguration section */

/* Begin XCConfigurationList section */
		0BCF6A732060098F009CCC60 /* Build configuration list for PBXProject "mastermind" */ = {
			isa = XCConfigurationList;
			buildConfigurations = (
				0BCF6A8820600990009CCC60 /* Debug */,
				0BCF6A8920600990009CCC60 /* Release */,
			);
			defaultConfigurationIsVisible = 0;
			defaultConfigurationName = Release;
		};
		0BCF6A8A20600990009CCC60 /* Build configuration list for PBXNativeTarget "mastermind" */ = {
			isa = XCConfigurationList;
			buildConfigurations = (
				0BCF6A8B20600990009CCC60 /* Debug */,
				0BCF6A8C20600990009CCC60 /* Release */,
			);
			defaultConfigurationIsVisible = 0;
			defaultConfigurationName = Release;
		};
/* End XCConfigurationList section */
	};
	rootObject = 0BCF6A702060098F009CCC60 /* Project object */;
}
